
Microsoft Visual Studio Solution File, Format Version 12.00
# Visual Studio 15
VisualStudioVersion = 15.0.26730.16
MinimumVisualStudioVersion = 10.0.40219.1
Project("{2150E333-8FDC-42A3-9474-1A3956D46DE8}") = "Solution Items", "Solution Items", "{DECDD0BF-4C5B-4ABA-B78B-7FC720E75C2C}"
	ProjectSection(SolutionItems) = preProject
		..\HTMLPage1.html = ..\HTMLPage1.html
		..\..\Lab03\StyleSheet1.css = ..\..\Lab03\StyleSheet1.css
	EndProjectSection
EndProject
Global
	GlobalSection(SolutionProperties) = preSolution
		HideSolutionNode = FALSE
	EndGlobalSection
	GlobalSection(ExtensibilityGlobals) = postSolution
		SolutionGuid = {D53B81DD-0E56-41FE-B195-189E35B7FB07}
	EndGlobalSection
EndGlobal
