
Microsoft Visual Studio Solution File, Format Version 12.00
# Visual Studio 15
VisualStudioVersion = 15.0.26730.15
MinimumVisualStudioVersion = 10.0.40219.1
Project("{2150E333-8FDC-42A3-9474-1A3956D46DE8}") = "Solution Items", "Solution Items", "{602E2837-7A9C-42EC-A9F0-D51F5E1EA667}"
	ProjectSection(SolutionItems) = preProject
		index.html = index.html
		styles.css = styles.css
		userinfo.html = userinfo.html
	EndProjectSection
EndProject
Global
	GlobalSection(SolutionProperties) = preSolution
		HideSolutionNode = FALSE
	EndGlobalSection
	GlobalSection(ExtensibilityGlobals) = postSolution
		SolutionGuid = {D0887BAE-1AE5-4574-91DC-9E46B8DFB2E5}
	EndGlobalSection
EndGlobal
