
Microsoft Visual Studio Solution File, Format Version 12.00
# Visual Studio 15
VisualStudioVersion = 15.0.26730.16
MinimumVisualStudioVersion = 10.0.40219.1
Project("{2150E333-8FDC-42A3-9474-1A3956D46DE8}") = "Solution Items", "Solution Items", "{C6CEA13E-1699-48EE-A9D2-C7B44F2D8A35}"
	ProjectSection(SolutionItems) = preProject
		Lab06.html = Lab06.html
	EndProjectSection
EndProject
Global
	GlobalSection(SolutionProperties) = preSolution
		HideSolutionNode = FALSE
	EndGlobalSection
	GlobalSection(ExtensibilityGlobals) = postSolution
		SolutionGuid = {B6244BA2-1417-401D-90BA-80A240E62C84}
	EndGlobalSection
EndGlobal
